
Microsoft Visual Studio Solution File, Format Version 12.00
# Visual Studio Version 16
VisualStudioVersion = 16.0.30907.101
MinimumVisualStudioVersion = 10.0.40219.1
Project("{FAE04EC0-301F-11D3-BF4B-00C04F79EFBC}") = "DatingApp.API", "DatingApp.API\DatingApp.API.csproj", "{84BE947B-6263-45C9-983C-20D4A800DA44}"
EndProject
Global
	GlobalSection(SolutionConfigurationPlatforms) = preSolution
		Debug|Any CPU = Debug|Any CPU
		Release|Any CPU = Release|Any CPU
	EndGlobalSection
	GlobalSection(ProjectConfigurationPlatforms) = postSolution
		{84BE947B-6263-45C9-983C-20D4A800DA44}.Debug|Any CPU.ActiveCfg = Debug|Any CPU
		{84BE947B-6263-45C9-983C-20D4A800DA44}.Debug|Any CPU.Build.0 = Debug|Any CPU
		{84BE947B-6263-45C9-983C-20D4A800DA44}.Release|Any CPU.ActiveCfg = Release|Any CPU
		{84BE947B-6263-45C9-983C-20D4A800DA44}.Release|Any CPU.Build.0 = Release|Any CPU
	EndGlobalSection
	GlobalSection(SolutionProperties) = preSolution
		HideSolutionNode = FALSE
	EndGlobalSection
	GlobalSection(ExtensibilityGlobals) = postSolution
		SolutionGuid = {3A822A78-FF9E-4DBC-BD62-72705DF5D48B}
	EndGlobalSection
EndGlobal
